
Microsoft Visual Studio Solution File, Format Version 12.00
# Visual Studio Version 17
VisualStudioVersion = 17.11.35208.52
MinimumVisualStudioVersion = 10.0.40219.1
Project("{FAE04EC0-301F-11D3-BF4B-00C04F79EFBC}") = "TpFinal", "TpFinal\TpFinal.csproj", "{775F12E6-6CB2-4AA3-86A3-52FA5608F0AF}"
EndProject
Project("{FAE04EC0-301F-11D3-BF4B-00C04F79EFBC}") = "negocio", "negocio\negocio.csproj", "{86FA9B49-74DA-42FC-B6E7-1AE0390961B6}"
EndProject
Project("{FAE04EC0-301F-11D3-BF4B-00C04F79EFBC}") = "dominio", "dominio\dominio.csproj", "{F12E3C02-31C5-43C8-975D-B26061DF602B}"
EndProject
Global
	GlobalSection(SolutionConfigurationPlatforms) = preSolution
		Debug|Any CPU = Debug|Any CPU
		Release|Any CPU = Release|Any CPU
	EndGlobalSection
	GlobalSection(ProjectConfigurationPlatforms) = postSolution
		{775F12E6-6CB2-4AA3-86A3-52FA5608F0AF}.Debug|Any CPU.ActiveCfg = Debug|Any CPU
		{775F12E6-6CB2-4AA3-86A3-52FA5608F0AF}.Debug|Any CPU.Build.0 = Debug|Any CPU
		{775F12E6-6CB2-4AA3-86A3-52FA5608F0AF}.Release|Any CPU.ActiveCfg = Release|Any CPU
		{775F12E6-6CB2-4AA3-86A3-52FA5608F0AF}.Release|Any CPU.Build.0 = Release|Any CPU
		{86FA9B49-74DA-42FC-B6E7-1AE0390961B6}.Debug|Any CPU.ActiveCfg = Debug|Any CPU
		{86FA9B49-74DA-42FC-B6E7-1AE0390961B6}.Debug|Any CPU.Build.0 = Debug|Any CPU
		{86FA9B49-74DA-42FC-B6E7-1AE0390961B6}.Release|Any CPU.ActiveCfg = Release|Any CPU
		{86FA9B49-74DA-42FC-B6E7-1AE0390961B6}.Release|Any CPU.Build.0 = Release|Any CPU
		{F12E3C02-31C5-43C8-975D-B26061DF602B}.Debug|Any CPU.ActiveCfg = Debug|Any CPU
		{F12E3C02-31C5-43C8-975D-B26061DF602B}.Debug|Any CPU.Build.0 = Debug|Any CPU
		{F12E3C02-31C5-43C8-975D-B26061DF602B}.Release|Any CPU.ActiveCfg = Release|Any CPU
		{F12E3C02-31C5-43C8-975D-B26061DF602B}.Release|Any CPU.Build.0 = Release|Any CPU
	EndGlobalSection
	GlobalSection(SolutionProperties) = preSolution
		HideSolutionNode = FALSE
	EndGlobalSection
	GlobalSection(ExtensibilityGlobals) = postSolution
		SolutionGuid = {575A016E-8812-4A71-AF12-23957077F88D}
	EndGlobalSection
EndGlobal
